
Microsoft Visual Studio Solution File, Format Version 12.00
# Visual Studio 15
VisualStudioVersion = 15.0.26730.8
MinimumVisualStudioVersion = 10.0.40219.1
Project("{FAE04EC0-301F-11D3-BF4B-00C04F79EFBC}") = "AnyRes", "AnyRes\AnyRes.csproj", "{EF0DCF13-9085-47FA-B1B3-55848AAAEE15}"
EndProject
Project("{2150E333-8FDC-42A3-9474-1A3956D46DE8}") = "Solution Items", "Solution Items", "{27900E2D-1680-4CB5-A8A9-18E22E2DEF4A}"
	ProjectSection(SolutionItems) = preProject
		AnyRes.version = AnyRes.version
		buildRelease.bat = buildRelease.bat
		Changelog.txt = Changelog.txt
		deploy.bat = deploy.bat
		jenkins.txt = jenkins.txt
		License.md = License.md
		README.md = README.md
	EndProjectSection
EndProject
Global
	GlobalSection(SolutionConfigurationPlatforms) = preSolution
		Debug|Any CPU = Debug|Any CPU
		KSP|Any CPU = KSP|Any CPU
		Release|Any CPU = Release|Any CPU
	EndGlobalSection
	GlobalSection(ProjectConfigurationPlatforms) = postSolution
		{EF0DCF13-9085-47FA-B1B3-55848AAAEE15}.Debug|Any CPU.ActiveCfg = Debug|Any CPU
		{EF0DCF13-9085-47FA-B1B3-55848AAAEE15}.Debug|Any CPU.Build.0 = Debug|Any CPU
		{EF0DCF13-9085-47FA-B1B3-55848AAAEE15}.KSP|Any CPU.ActiveCfg = KSP|Any CPU
		{EF0DCF13-9085-47FA-B1B3-55848AAAEE15}.KSP|Any CPU.Build.0 = KSP|Any CPU
		{EF0DCF13-9085-47FA-B1B3-55848AAAEE15}.Release|Any CPU.ActiveCfg = Release|Any CPU
		{EF0DCF13-9085-47FA-B1B3-55848AAAEE15}.Release|Any CPU.Build.0 = Release|Any CPU
	EndGlobalSection
	GlobalSection(SolutionProperties) = preSolution
		HideSolutionNode = FALSE
	EndGlobalSection
	GlobalSection(ExtensibilityGlobals) = postSolution
		SolutionGuid = {DB8CB74E-62F0-42BF-BC3C-80EB556F0406}
	EndGlobalSection
EndGlobal
